// !$*UTF8*$!
{
	archiveVersion = 1;
	classes = {
	};
	objectVersion = 50;
	objects = {

/* Begin PBXBuildFile section */
		9208E91124AF6F96002A8B19 /* PostfixEval.cpp in Sources */ = {isa = PBXBuildFile; fileRef = 9208E91024AF6F96002A8B19 /* PostfixEval.cpp */; };
		9209D19B24AE157F00F0A370 /* StackChar.cpp in Sources */ = {isa = PBXBuildFile; fileRef = 9209D19A24AE157F00F0A370 /* StackChar.cpp */; };
		9209D19E24AE17C600F0A370 /* StackFloat.cpp in Sources */ = {isa = PBXBuildFile; fileRef = 9209D19D24AE17C600F0A370 /* StackFloat.cpp */; };
		926B41A424A35D1F00E1ECB1 /* main.cpp in Sources */ = {isa = PBXBuildFile; fileRef = 926B41A324A35D1F00E1ECB1 /* main.cpp */; };
		92D39C9524A4A34800B2F99C /* InfixToPostfix.cpp in Sources */ = {isa = PBXBuildFile; fileRef = 92D39C9324A4A34800B2F99C /* InfixToPostfix.cpp */; };
/* End PBXBuildFile section */

/* Begin PBXCopyFilesBuildPhase section */
		926B419E24A35D1F00E1ECB1 /* CopyFiles */ = {
			isa = PBXCopyFilesBuildPhase;
			buildActionMask = 2147483647;
			dstPath = /usr/share/man/man1/;
			dstSubfolderSpec = 0;
			files = (
			);
			runOnlyForDeploymentPostprocessing = 1;
		};
		92D39C8A24A4A32F00B2F99C /* CopyFiles */ = {
			isa = PBXCopyFilesBuildPhase;
			buildActionMask = 2147483647;
			dstPath = /usr/share/man/man1/;
			dstSubfolderSpec = 0;
			files = (
			);
			runOnlyForDeploymentPostprocessing = 1;
		};
/* End PBXCopyFilesBuildPhase section */

/* Begin PBXFileReference section */
		9208E91024AF6F96002A8B19 /* PostfixEval.cpp */ = {isa = PBXFileReference; lastKnownFileType = sourcecode.cpp.cpp; path = PostfixEval.cpp; sourceTree = "<group>"; };
		9209D19A24AE157F00F0A370 /* StackChar.cpp */ = {isa = PBXFileReference; lastKnownFileType = sourcecode.cpp.cpp; path = StackChar.cpp; sourceTree = "<group>"; };
		9209D19C24AE17C600F0A370 /* StackChar.h */ = {isa = PBXFileReference; fileEncoding = 4; lastKnownFileType = sourcecode.c.h; path = StackChar.h; sourceTree = "<group>"; };
		9209D19D24AE17C600F0A370 /* StackFloat.cpp */ = {isa = PBXFileReference; fileEncoding = 4; lastKnownFileType = sourcecode.cpp.cpp; path = StackFloat.cpp; sourceTree = "<group>"; };
		9209D19F24AE18EB00F0A370 /* README.md */ = {isa = PBXFileReference; lastKnownFileType = net.daringfireball.markdown; path = README.md; sourceTree = "<group>"; };
		926B41A024A35D1F00E1ECB1 /* ExpressionEvaluator */ = {isa = PBXFileReference; explicitFileType = "compiled.mach-o.executable"; includeInIndex = 0; path = ExpressionEvaluator; sourceTree = BUILT_PRODUCTS_DIR; };
		926B41A324A35D1F00E1ECB1 /* main.cpp */ = {isa = PBXFileReference; lastKnownFileType = sourcecode.cpp.cpp; path = main.cpp; sourceTree = "<group>"; };
		926B41AB24A35D5600E1ECB1 /* StackFloat.h */ = {isa = PBXFileReference; lastKnownFileType = sourcecode.c.h; path = StackFloat.h; sourceTree = "<group>"; };
		926B41AE24A3669C00E1ECB1 /* PostfixEval.h */ = {isa = PBXFileReference; lastKnownFileType = sourcecode.c.h; path = PostfixEval.h; sourceTree = "<group>"; };
		92D39C8C24A4A32F00B2F99C /* InfixToPostfix */ = {isa = PBXFileReference; explicitFileType = "compiled.mach-o.executable"; includeInIndex = 0; path = InfixToPostfix; sourceTree = BUILT_PRODUCTS_DIR; };
		92D39C9324A4A34800B2F99C /* InfixToPostfix.cpp */ = {isa = PBXFileReference; lastKnownFileType = sourcecode.cpp.cpp; path = InfixToPostfix.cpp; sourceTree = "<group>"; };
		92D39C9424A4A34800B2F99C /* InfixToPostfix.h */ = {isa = PBXFileReference; lastKnownFileType = sourcecode.c.h; path = InfixToPostfix.h; sourceTree = "<group>"; };
		92D39C9624A4B73F00B2F99C /* Utils.h */ = {isa = PBXFileReference; lastKnownFileType = sourcecode.c.h; path = Utils.h; sourceTree = "<group>"; };
/* End PBXFileReference section */

/* Begin PBXFrameworksBuildPhase section */
		926B419D24A35D1F00E1ECB1 /* Frameworks */ = {
			isa = PBXFrameworksBuildPhase;
			buildActionMask = 2147483647;
			files = (
			);
			runOnlyForDeploymentPostprocessing = 0;
		};
		92D39C8924A4A32F00B2F99C /* Frameworks */ = {
			isa = PBXFrameworksBuildPhase;
			buildActionMask = 2147483647;
			files = (
			);
			runOnlyForDeploymentPostprocessing = 0;
		};
/* End PBXFrameworksBuildPhase section */

/* Begin PBXGroup section */
		9208E91224AF785E002A8B19 /* InfixToPostfix */ = {
			isa = PBXGroup;
			children = (
				92D39C9424A4A34800B2F99C /* InfixToPostfix.h */,
				92D39C9324A4A34800B2F99C /* InfixToPostfix.cpp */,
			);
			path = InfixToPostfix;
			sourceTree = "<group>";
		};
		9208E91324AF786B002A8B19 /* PostfixEval */ = {
			isa = PBXGroup;
			children = (
				926B41AE24A3669C00E1ECB1 /* PostfixEval.h */,
				9208E91024AF6F96002A8B19 /* PostfixEval.cpp */,
			);
			path = PostfixEval;
			sourceTree = "<group>";
		};
		9208E91424AF787C002A8B19 /* StackFloat */ = {
			isa = PBXGroup;
			children = (
				926B41AB24A35D5600E1ECB1 /* StackFloat.h */,
				9209D19D24AE17C600F0A370 /* StackFloat.cpp */,
			);
			path = StackFloat;
			sourceTree = "<group>";
		};
		9208E91624AF7890002A8B19 /* StackChar */ = {
			isa = PBXGroup;
			children = (
				9209D19C24AE17C600F0A370 /* StackChar.h */,
				9209D19A24AE157F00F0A370 /* StackChar.cpp */,
			);
			path = StackChar;
			sourceTree = "<group>";
		};
		9208E91724AF78B0002A8B19 /* Utils */ = {
			isa = PBXGroup;
			children = (
				92D39C9624A4B73F00B2F99C /* Utils.h */,
			);
			path = Utils;
			sourceTree = "<group>";
		};
		926B419724A35D1F00E1ECB1 = {
			isa = PBXGroup;
			children = (
				926B41A224A35D1F00E1ECB1 /* ExpressionEvaluator */,
				926B41A124A35D1F00E1ECB1 /* Products */,
			);
			sourceTree = "<group>";
		};
		926B41A124A35D1F00E1ECB1 /* Products */ = {
			isa = PBXGroup;
			children = (
				926B41A024A35D1F00E1ECB1 /* ExpressionEvaluator */,
				92D39C8C24A4A32F00B2F99C /* InfixToPostfix */,
			);
			name = Products;
			sourceTree = "<group>";
		};
		926B41A224A35D1F00E1ECB1 /* ExpressionEvaluator */ = {
			isa = PBXGroup;
			children = (
				926B41A324A35D1F00E1ECB1 /* main.cpp */,
				9208E91224AF785E002A8B19 /* InfixToPostfix */,
				9208E91324AF786B002A8B19 /* PostfixEval */,
				9208E91424AF787C002A8B19 /* StackFloat */,
				9208E91624AF7890002A8B19 /* StackChar */,
				9208E91724AF78B0002A8B19 /* Utils */,
				9209D19F24AE18EB00F0A370 /* README.md */,
			);
			path = ExpressionEvaluator;
			sourceTree = "<group>";
		};
/* End PBXGroup section */

/* Begin PBXNativeTarget section */
		926B419F24A35D1F00E1ECB1 /* ExpressionEvaluator */ = {
			isa = PBXNativeTarget;
			buildConfigurationList = 926B41A724A35D2000E1ECB1 /* Build configuration list for PBXNativeTarget "ExpressionEvaluator" */;
			buildPhases = (
				926B419C24A35D1F00E1ECB1 /* Sources */,
				926B419D24A35D1F00E1ECB1 /* Frameworks */,
				926B419E24A35D1F00E1ECB1 /* CopyFiles */,
			);
			buildRules = (
			);
			dependencies = (
			);
			name = ExpressionEvaluator;
			productName = ExpressionEvaluator;
			productReference = 926B41A024A35D1F00E1ECB1 /* ExpressionEvaluator */;
			productType = "com.apple.product-type.tool";
		};
		92D39C8B24A4A32F00B2F99C /* InfixToPostfix */ = {
			isa = PBXNativeTarget;
			buildConfigurationList = 92D39C9024A4A32F00B2F99C /* Build configuration list for PBXNativeTarget "InfixToPostfix" */;
			buildPhases = (
				92D39C8824A4A32F00B2F99C /* Sources */,
				92D39C8924A4A32F00B2F99C /* Frameworks */,
				92D39C8A24A4A32F00B2F99C /* CopyFiles */,
			);
			buildRules = (
			);
			dependencies = (
			);
			name = InfixToPostfix;
			productName = InfixToPostfix;
			productReference = 92D39C8C24A4A32F00B2F99C /* InfixToPostfix */;
			productType = "com.apple.product-type.tool";
		};
/* End PBXNativeTarget section */

/* Begin PBXProject section */
		926B419824A35D1F00E1ECB1 /* Project object */ = {
			isa = PBXProject;
			attributes = {
				LastUpgradeCheck = 1110;
				ORGANIZATIONNAME = "Ngoc Phat";
				TargetAttributes = {
					926B419F24A35D1F00E1ECB1 = {
						CreatedOnToolsVersion = 11.1;
					};
					92D39C8B24A4A32F00B2F99C = {
						CreatedOnToolsVersion = 11.1;
					};
				};
			};
			buildConfigurationList = 926B419B24A35D1F00E1ECB1 /* Build configuration list for PBXProject "ExpressionEvaluator" */;
			compatibilityVersion = "Xcode 9.3";
			developmentRegion = en;
			hasScannedForEncodings = 0;
			knownRegions = (
				en,
				Base,
			);
			mainGroup = 926B419724A35D1F00E1ECB1;
			productRefGroup = 926B41A124A35D1F00E1ECB1 /* Products */;
			projectDirPath = "";
			projectRoot = "";
			targets = (
				926B419F24A35D1F00E1ECB1 /* ExpressionEvaluator */,
				92D39C8B24A4A32F00B2F99C /* InfixToPostfix */,
			);
		};
/* End PBXProject section */

/* Begin PBXSourcesBuildPhase section */
		926B419C24A35D1F00E1ECB1 /* Sources */ = {
			isa = PBXSourcesBuildPhase;
			buildActionMask = 2147483647;
			files = (
				92D39C9524A4A34800B2F99C /* InfixToPostfix.cpp in Sources */,
				926B41A424A35D1F00E1ECB1 /* main.cpp in Sources */,
				9209D19E24AE17C600F0A370 /* StackFloat.cpp in Sources */,
				9209D19B24AE157F00F0A370 /* StackChar.cpp in Sources */,
				9208E91124AF6F96002A8B19 /* PostfixEval.cpp in Sources */,
			);
			runOnlyForDeploymentPostprocessing = 0;
		};
		92D39C8824A4A32F00B2F99C /* Sources */ = {
			isa = PBXSourcesBuildPhase;
			buildActionMask = 2147483647;
			files = (
			);
			runOnlyForDeploymentPostprocessing = 0;
		};
/* End PBXSourcesBuildPhase section */

/* Begin XCBuildConfiguration section */
		926B41A524A35D1F00E1ECB1 /* Debug */ = {
			isa = XCBuildConfiguration;
			buildSettings = {
				ALWAYS_SEARCH_USER_PATHS = NO;
				CLANG_ANALYZER_NONNULL = YES;
				CLANG_ANALYZER_NUMBER_OBJECT_CONVERSION = YES_AGGRESSIVE;
				CLANG_CXX_LANGUAGE_STANDARD = "gnu++14";
				CLANG_CXX_LIBRARY = "libc++";
				CLANG_ENABLE_MODULES = YES;
				CLANG_ENABLE_OBJC_ARC = YES;
				CLANG_ENABLE_OBJC_WEAK = YES;
				CLANG_WARN_BLOCK_CAPTURE_AUTORELEASING = YES;
				CLANG_WARN_BOOL_CONVERSION = YES;
				CLANG_WARN_COMMA = YES;
				CLANG_WARN_CONSTANT_CONVERSION = YES;
				CLANG_WARN_DEPRECATED_OBJC_IMPLEMENTATIONS = YES;
				CLANG_WARN_DIRECT_OBJC_ISA_USAGE = YES_ERROR;
				CLANG_WARN_DOCUMENTATION_COMMENTS = YES;
				CLANG_WARN_EMPTY_BODY = YES;
				CLANG_WARN_ENUM_CONVERSION = YES;
				CLANG_WARN_INFINITE_RECURSION = YES;
				CLANG_WARN_INT_CONVERSION = YES;
				CLANG_WARN_NON_LITERAL_NULL_CONVERSION = YES;
				CLANG_WARN_OBJC_IMPLICIT_RETAIN_SELF = YES;
				CLANG_WARN_OBJC_LITERAL_CONVERSION = YES;
				CLANG_WARN_OBJC_ROOT_CLASS = YES_ERROR;
				CLANG_WARN_RANGE_LOOP_ANALYSIS = YES;
				CLANG_WARN_STRICT_PROTOTYPES = YES;
				CLANG_WARN_SUSPICIOUS_MOVE = YES;
				CLANG_WARN_UNGUARDED_AVAILABILITY = YES_AGGRESSIVE;
				CLANG_WARN_UNREACHABLE_CODE = YES;
				CLANG_WARN__DUPLICATE_METHOD_MATCH = YES;
				COPY_PHASE_STRIP = NO;
				DEBUG_INFORMATION_FORMAT = dwarf;
				ENABLE_STRICT_OBJC_MSGSEND = YES;
				ENABLE_TESTABILITY = YES;
				GCC_C_LANGUAGE_STANDARD = gnu11;
				GCC_DYNAMIC_NO_PIC = NO;
				GCC_NO_COMMON_BLOCKS = YES;
				GCC_OPTIMIZATION_LEVEL = 0;
				GCC_PREPROCESSOR_DEFINITIONS = (
					"DEBUG=1",
					"$(inherited)",
				);
				GCC_WARN_64_TO_32_BIT_CONVERSION = YES;
				GCC_WARN_ABOUT_RETURN_TYPE = YES_ERROR;
				GCC_WARN_UNDECLARED_SELECTOR = YES;
				GCC_WARN_UNINITIALIZED_AUTOS = YES_AGGRESSIVE;
				GCC_WARN_UNUSED_FUNCTION = YES;
				GCC_WARN_UNUSED_VARIABLE = YES;
				MACOSX_DEPLOYMENT_TARGET = 10.14;
				MTL_ENABLE_DEBUG_INFO = INCLUDE_SOURCE;
				MTL_FAST_MATH = YES;
				ONLY_ACTIVE_ARCH = YES;
				SDKROOT = macosx;
			};
			name = Debug;
		};
		926B41A624A35D1F00E1ECB1 /* Release */ = {
			isa = XCBuildConfiguration;
			buildSettings = {
				ALWAYS_SEARCH_USER_PATHS = NO;
				CLANG_ANALYZER_NONNULL = YES;
				CLANG_ANALYZER_NUMBER_OBJECT_CONVERSION = YES_AGGRESSIVE;
				CLANG_CXX_LANGUAGE_STANDARD = "gnu++14";
				CLANG_CXX_LIBRARY = "libc++";
				CLANG_ENABLE_MODULES = YES;
				CLANG_ENABLE_OBJC_ARC = YES;
				CLANG_ENABLE_OBJC_WEAK = YES;
				CLANG_WARN_BLOCK_CAPTURE_AUTORELEASING = YES;
				CLANG_WARN_BOOL_CONVERSION = YES;
				CLANG_WARN_COMMA = YES;
				CLANG_WARN_CONSTANT_CONVERSION = YES;
				CLANG_WARN_DEPRECATED_OBJC_IMPLEMENTATIONS = YES;
				CLANG_WARN_DIRECT_OBJC_ISA_USAGE = YES_ERROR;
				CLANG_WARN_DOCUMENTATION_COMMENTS = YES;
				CLANG_WARN_EMPTY_BODY = YES;
				CLANG_WARN_ENUM_CONVERSION = YES;
				CLANG_WARN_INFINITE_RECURSION = YES;
				CLANG_WARN_INT_CONVERSION = YES;
				CLANG_WARN_NON_LITERAL_NULL_CONVERSION = YES;
				CLANG_WARN_OBJC_IMPLICIT_RETAIN_SELF = YES;
				CLANG_WARN_OBJC_LITERAL_CONVERSION = YES;
				CLANG_WARN_OBJC_ROOT_CLASS = YES_ERROR;
				CLANG_WARN_RANGE_LOOP_ANALYSIS = YES;
				CLANG_WARN_STRICT_PROTOTYPES = YES;
				CLANG_WARN_SUSPICIOUS_MOVE = YES;
				CLANG_WARN_UNGUARDED_AVAILABILITY = YES_AGGRESSIVE;
				CLANG_WARN_UNREACHABLE_CODE = YES;
				CLANG_WARN__DUPLICATE_METHOD_MATCH = YES;
				COPY_PHASE_STRIP = NO;
				DEBUG_INFORMATION_FORMAT = "dwarf-with-dsym";
				ENABLE_NS_ASSERTIONS = NO;
				ENABLE_STRICT_OBJC_MSGSEND = YES;
				GCC_C_LANGUAGE_STANDARD = gnu11;
				GCC_NO_COMMON_BLOCKS = YES;
				GCC_WARN_64_TO_32_BIT_CONVERSION = YES;
				GCC_WARN_ABOUT_RETURN_TYPE = YES_ERROR;
				GCC_WARN_UNDECLARED_SELECTOR = YES;
				GCC_WARN_UNINITIALIZED_AUTOS = YES_AGGRESSIVE;
				GCC_WARN_UNUSED_FUNCTION = YES;
				GCC_WARN_UNUSED_VARIABLE = YES;
				MACOSX_DEPLOYMENT_TARGET = 10.14;
				MTL_ENABLE_DEBUG_INFO = NO;
				MTL_FAST_MATH = YES;
				SDKROOT = macosx;
			};
			name = Release;
		};
		926B41A824A35D2000E1ECB1 /* Debug */ = {
			isa = XCBuildConfiguration;
			buildSettings = {
				CODE_SIGN_STYLE = Automatic;
				PRODUCT_NAME = "$(TARGET_NAME)";
			};
			name = Debug;
		};
		926B41A924A35D2000E1ECB1 /* Release */ = {
			isa = XCBuildConfiguration;
			buildSettings = {
				CODE_SIGN_STYLE = Automatic;
				PRODUCT_NAME = "$(TARGET_NAME)";
			};
			name = Release;
		};
		92D39C9124A4A32F00B2F99C /* Debug */ = {
			isa = XCBuildConfiguration;
			buildSettings = {
				CODE_SIGN_STYLE = Automatic;
				PRODUCT_NAME = "$(TARGET_NAME)";
			};
			name = Debug;
		};
		92D39C9224A4A32F00B2F99C /* Release */ = {
			isa = XCBuildConfiguration;
			buildSettings = {
				CODE_SIGN_STYLE = Automatic;
				PRODUCT_NAME = "$(TARGET_NAME)";
			};
			name = Release;
		};
/* End XCBuildConfiguration section */

/* Begin XCConfigurationList section */
		926B419B24A35D1F00E1ECB1 /* Build configuration list for PBXProject "ExpressionEvaluator" */ = {
			isa = XCConfigurationList;
			buildConfigurations = (
				926B41A524A35D1F00E1ECB1 /* Debug */,
				926B41A624A35D1F00E1ECB1 /* Release */,
			);
			defaultConfigurationIsVisible = 0;
			defaultConfigurationName = Release;
		};
		926B41A724A35D2000E1ECB1 /* Build configuration list for PBXNativeTarget "ExpressionEvaluator" */ = {
			isa = XCConfigurationList;
			buildConfigurations = (
				926B41A824A35D2000E1ECB1 /* Debug */,
				926B41A924A35D2000E1ECB1 /* Release */,
			);
			defaultConfigurationIsVisible = 0;
			defaultConfigurationName = Release;
		};
		92D39C9024A4A32F00B2F99C /* Build configuration list for PBXNativeTarget "InfixToPostfix" */ = {
			isa = XCConfigurationList;
			buildConfigurations = (
				92D39C9124A4A32F00B2F99C /* Debug */,
				92D39C9224A4A32F00B2F99C /* Release */,
			);
			defaultConfigurationIsVisible = 0;
			defaultConfigurationName = Release;
		};
/* End XCConfigurationList section */
	};
	rootObject = 926B419824A35D1F00E1ECB1 /* Project object */;
}
